<?xml version="1.0" encoding="utf-8"?>
<Project ToolsVersion="4.0" xmlns="http://schemas.microsoft.com/developer/msbuild/2003">
  <ItemGroup>
    <Filter Include="Source Files">
      <UniqueIdentifier>{4FC737F1-C7A5-4376-A066-2A32D752A2FF}</UniqueIdentifier>
      <Extensions>cpp;c;cc;cxx;def;odl;idl;hpj;bat;asm;asmx</Extensions>
    </Filter>
    <Filter Include="Header Files">
      <UniqueIdentifier>{93995380-89BD-4b04-88EB-625FBE52EBFB}</UniqueIdentifier>
      <Extensions>h;hh;hpp;hxx;hm;inl;inc;xsd</Extensions>
    </Filter>
  </ItemGroup>
  <ItemGroup>
    <ClCompile Include="GTTest01Window.cpp">
      <Filter>Source Files</Filter>
    </ClCompile>
    <ClCompile Include="appendToVectorWithoutDuplicates.cpp">
      <Filter>Source Files</Filter>
    </ClCompile>
    <ClCompile Include="ausgelagerteFunktion.cpp">
      <Filter>Source Files</Filter>
    </ClCompile>
    <ClCompile Include="calculateDistances.cpp">
      <Filter>Source Files</Filter>
    </ClCompile>
    <ClCompile Include="calculateDistancesEps.cpp">
      <Filter>Source Files</Filter>
    </ClCompile>
    <ClCompile Include="coefficientOfDetermination.cpp">
      <Filter>Source Files</Filter>
    </ClCompile>
    <ClCompile Include="dBSCAN.cpp">
      <Filter>Source Files</Filter>
    </ClCompile>
    <ClCompile Include="expandCluster.cpp">
      <Filter>Source Files</Filter>
    </ClCompile>
    <ClCompile Include="HilfsfunktionSaveToFile.cpp">
      <Filter>Source Files</Filter>
    </ClCompile>
    <ClCompile Include="readFile.cpp">
      <Filter>Source Files</Filter>
    </ClCompile>
    <ClCompile Include="sphereFit.cpp">
      <Filter>Source Files</Filter>
    </ClCompile>
    <ClCompile Include="structCluster.cpp">
      <Filter>Source Files</Filter>
    </ClCompile>
    <ClCompile Include="structPointCoordinates.cpp">
      <Filter>Source Files</Filter>
    </ClCompile>
    <ClCompile Include="structSphere.cpp">
      <Filter>Source Files</Filter>
    </ClCompile>
    <ClCompile Include="vectorContainsNumber.cpp">
      <Filter>Source Files</Filter>
    </ClCompile>
  </ItemGroup>
  <ItemGroup>
    <ClInclude Include="GTTest01Window.h">
      <Filter>Header Files</Filter>
    </ClInclude>
    <ClInclude Include="appendToVectorWithoutDuplicates.h">
      <Filter>Header Files</Filter>
    </ClInclude>
    <ClInclude Include="ausgelagerteFunktion.h">
      <Filter>Header Files</Filter>
    </ClInclude>
    <ClInclude Include="calculateDistances.h">
      <Filter>Header Files</Filter>
    </ClInclude>
    <ClInclude Include="calculateDistancesEps.h">
      <Filter>Header Files</Filter>
    </ClInclude>
    <ClInclude Include="coefficientOfDetermination.h">
      <Filter>Header Files</Filter>
    </ClInclude>
    <ClInclude Include="dBSCAN.h">
      <Filter>Header Files</Filter>
    </ClInclude>
    <ClInclude Include="expandCluster.h">
      <Filter>Header Files</Filter>
    </ClInclude>
    <ClInclude Include="HilfsfunktionSaveToFile.h">
      <Filter>Header Files</Filter>
    </ClInclude>
    <ClInclude Include="sphereFit.h">
      <Filter>Header Files</Filter>
    </ClInclude>
    <ClInclude Include="vectorContainsNumber.h">
      <Filter>Header Files</Filter>
    </ClInclude>
  </ItemGroup>
</Project>